
Microsoft Visual Studio Solution File, Format Version 12.00
# Visual Studio 2013
VisualStudioVersion = 12.0.31101.0
MinimumVisualStudioVersion = 10.0.40219.1
Project("{FAE04EC0-301F-11D3-BF4B-00C04F79EFBC}") = "sod", "sod\sod.csproj", "{D78AB9A9-AF6D-4458-856C-B93FB6E2E93E}"
EndProject
Project("{FAE04EC0-301F-11D3-BF4B-00C04F79EFBC}") = "sod.WPF", "sod.WPF\sod.WPF.csproj", "{357BC6C9-A514-4857-ACD0-B39919D307F9}"
EndProject
Project("{FAE04EC0-301F-11D3-BF4B-00C04F79EFBC}") = "sod.D3D11", "sod.D3D11\sod.D3D11.csproj", "{8B3F69CE-6133-4244-A6FC-26421C3671CA}"
EndProject
Project("{FAE04EC0-301F-11D3-BF4B-00C04F79EFBC}") = "SharpDX.WPF", "SharpDX.WPF\SharpDX.WPF.csproj", "{587D723B-36B2-49E2-9018-E3ABD4B8BBA6}"
EndProject
Project("{FAE04EC0-301F-11D3-BF4B-00C04F79EFBC}") = "sod.XInput", "sod.XInput\sod.XInput.csproj", "{EA3013D6-A1FB-4BB8-9A85-EB0D04C3BC65}"
EndProject
Project("{FAE04EC0-301F-11D3-BF4B-00C04F79EFBC}") = "sod.Mac", "sod.Mac\sod.Mac.csproj", "{ACCEAED2-7589-4D7D-B713-550241C1E0EF}"
EndProject
Project("{FAE04EC0-301F-11D3-BF4B-00C04F79EFBC}") = "sod.OpenGL", "sod.OpenGL\sod.OpenGL.csproj", "{203C9517-3AD8-43B7-8766-24A205A32D66}"
EndProject
Project("{FAE04EC0-301F-11D3-BF4B-00C04F79EFBC}") = "sod.RenderTest", "sod.RenderTest\sod.RenderTest.csproj", "{18A9A45D-D381-4C2F-8499-7D043D3BC542}"
EndProject
Global
	GlobalSection(SolutionConfigurationPlatforms) = preSolution
		AppStore|Any CPU = AppStore|Any CPU
		Debug|Any CPU = Debug|Any CPU
		Release|Any CPU = Release|Any CPU
	EndGlobalSection
	GlobalSection(ProjectConfigurationPlatforms) = postSolution
		{D78AB9A9-AF6D-4458-856C-B93FB6E2E93E}.AppStore|Any CPU.ActiveCfg = Debug|Any CPU
		{D78AB9A9-AF6D-4458-856C-B93FB6E2E93E}.AppStore|Any CPU.Build.0 = Debug|Any CPU
		{D78AB9A9-AF6D-4458-856C-B93FB6E2E93E}.Debug|Any CPU.ActiveCfg = Debug|Any CPU
		{D78AB9A9-AF6D-4458-856C-B93FB6E2E93E}.Debug|Any CPU.Build.0 = Debug|Any CPU
		{D78AB9A9-AF6D-4458-856C-B93FB6E2E93E}.Release|Any CPU.ActiveCfg = Release|Any CPU
		{D78AB9A9-AF6D-4458-856C-B93FB6E2E93E}.Release|Any CPU.Build.0 = Release|Any CPU
		{357BC6C9-A514-4857-ACD0-B39919D307F9}.AppStore|Any CPU.ActiveCfg = Debug|Any CPU
		{357BC6C9-A514-4857-ACD0-B39919D307F9}.AppStore|Any CPU.Build.0 = Debug|Any CPU
		{357BC6C9-A514-4857-ACD0-B39919D307F9}.Debug|Any CPU.ActiveCfg = Debug|Any CPU
		{357BC6C9-A514-4857-ACD0-B39919D307F9}.Debug|Any CPU.Build.0 = Debug|Any CPU
		{357BC6C9-A514-4857-ACD0-B39919D307F9}.Release|Any CPU.ActiveCfg = Release|Any CPU
		{357BC6C9-A514-4857-ACD0-B39919D307F9}.Release|Any CPU.Build.0 = Release|Any CPU
		{8B3F69CE-6133-4244-A6FC-26421C3671CA}.AppStore|Any CPU.ActiveCfg = Debug|Any CPU
		{8B3F69CE-6133-4244-A6FC-26421C3671CA}.AppStore|Any CPU.Build.0 = Debug|Any CPU
		{8B3F69CE-6133-4244-A6FC-26421C3671CA}.Debug|Any CPU.ActiveCfg = Debug|Any CPU
		{8B3F69CE-6133-4244-A6FC-26421C3671CA}.Debug|Any CPU.Build.0 = Debug|Any CPU
		{8B3F69CE-6133-4244-A6FC-26421C3671CA}.Release|Any CPU.ActiveCfg = Release|Any CPU
		{8B3F69CE-6133-4244-A6FC-26421C3671CA}.Release|Any CPU.Build.0 = Release|Any CPU
		{587D723B-36B2-49E2-9018-E3ABD4B8BBA6}.AppStore|Any CPU.ActiveCfg = Debug|Any CPU
		{587D723B-36B2-49E2-9018-E3ABD4B8BBA6}.AppStore|Any CPU.Build.0 = Debug|Any CPU
		{587D723B-36B2-49E2-9018-E3ABD4B8BBA6}.Debug|Any CPU.ActiveCfg = Debug|Any CPU
		{587D723B-36B2-49E2-9018-E3ABD4B8BBA6}.Debug|Any CPU.Build.0 = Debug|Any CPU
		{587D723B-36B2-49E2-9018-E3ABD4B8BBA6}.Release|Any CPU.ActiveCfg = Release|Any CPU
		{587D723B-36B2-49E2-9018-E3ABD4B8BBA6}.Release|Any CPU.Build.0 = Release|Any CPU
		{EA3013D6-A1FB-4BB8-9A85-EB0D04C3BC65}.AppStore|Any CPU.ActiveCfg = Debug|Any CPU
		{EA3013D6-A1FB-4BB8-9A85-EB0D04C3BC65}.AppStore|Any CPU.Build.0 = Debug|Any CPU
		{EA3013D6-A1FB-4BB8-9A85-EB0D04C3BC65}.Debug|Any CPU.ActiveCfg = Debug|Any CPU
		{EA3013D6-A1FB-4BB8-9A85-EB0D04C3BC65}.Debug|Any CPU.Build.0 = Debug|Any CPU
		{EA3013D6-A1FB-4BB8-9A85-EB0D04C3BC65}.Release|Any CPU.ActiveCfg = Release|Any CPU
		{EA3013D6-A1FB-4BB8-9A85-EB0D04C3BC65}.Release|Any CPU.Build.0 = Release|Any CPU
		{ACCEAED2-7589-4D7D-B713-550241C1E0EF}.AppStore|Any CPU.ActiveCfg = AppStore|Any CPU
		{ACCEAED2-7589-4D7D-B713-550241C1E0EF}.AppStore|Any CPU.Build.0 = AppStore|Any CPU
		{ACCEAED2-7589-4D7D-B713-550241C1E0EF}.Debug|Any CPU.ActiveCfg = Debug|Any CPU
		{ACCEAED2-7589-4D7D-B713-550241C1E0EF}.Debug|Any CPU.Build.0 = Debug|Any CPU
		{ACCEAED2-7589-4D7D-B713-550241C1E0EF}.Release|Any CPU.ActiveCfg = Release|Any CPU
		{ACCEAED2-7589-4D7D-B713-550241C1E0EF}.Release|Any CPU.Build.0 = Release|Any CPU
		{203C9517-3AD8-43B7-8766-24A205A32D66}.AppStore|Any CPU.ActiveCfg = Release|Any CPU
		{203C9517-3AD8-43B7-8766-24A205A32D66}.AppStore|Any CPU.Build.0 = Release|Any CPU
		{203C9517-3AD8-43B7-8766-24A205A32D66}.Debug|Any CPU.ActiveCfg = Debug|Any CPU
		{203C9517-3AD8-43B7-8766-24A205A32D66}.Debug|Any CPU.Build.0 = Debug|Any CPU
		{203C9517-3AD8-43B7-8766-24A205A32D66}.Release|Any CPU.ActiveCfg = Release|Any CPU
		{203C9517-3AD8-43B7-8766-24A205A32D66}.Release|Any CPU.Build.0 = Release|Any CPU
		{18A9A45D-D381-4C2F-8499-7D043D3BC542}.AppStore|Any CPU.ActiveCfg = Release|Any CPU
		{18A9A45D-D381-4C2F-8499-7D043D3BC542}.AppStore|Any CPU.Build.0 = Release|Any CPU
		{18A9A45D-D381-4C2F-8499-7D043D3BC542}.Debug|Any CPU.ActiveCfg = Debug|Any CPU
		{18A9A45D-D381-4C2F-8499-7D043D3BC542}.Debug|Any CPU.Build.0 = Debug|Any CPU
		{18A9A45D-D381-4C2F-8499-7D043D3BC542}.Release|Any CPU.ActiveCfg = Release|Any CPU
		{18A9A45D-D381-4C2F-8499-7D043D3BC542}.Release|Any CPU.Build.0 = Release|Any CPU
	EndGlobalSection
	GlobalSection(SolutionProperties) = preSolution
		HideSolutionNode = FALSE
	EndGlobalSection
EndGlobal
