
Microsoft Visual Studio Solution File, Format Version 12.00
# Visual Studio 2013
VisualStudioVersion = 12.0.31101.0
MinimumVisualStudioVersion = 10.0.40219.1
Project("{FAE04EC0-301F-11D3-BF4B-00C04F79EFBC}") = "sod", "sod\sod.csproj", "{D78AB9A9-AF6D-4458-856C-B93FB6E2E93E}"
EndProject
Project("{FAE04EC0-301F-11D3-BF4B-00C04F79EFBC}") = "sod.WPF", "sod.WPF\sod.WPF.csproj", "{357BC6C9-A514-4857-ACD0-B39919D307F9}"
EndProject
Project("{FAE04EC0-301F-11D3-BF4B-00C04F79EFBC}") = "sod.D3D11", "sod.D3D11\sod.D3D11.csproj", "{8B3F69CE-6133-4244-A6FC-26421C3671CA}"
EndProject
Project("{FAE04EC0-301F-11D3-BF4B-00C04F79EFBC}") = "SharpDX.WPF", "SharpDX.WPF\SharpDX.WPF.csproj", "{587D723B-36B2-49E2-9018-E3ABD4B8BBA6}"
EndProject
Project("{FAE04EC0-301F-11D3-BF4B-00C04F79EFBC}") = "SharpGL.WPF", "SharpGL\Core\SharpGL.WPF\SharpGL.WPF.csproj", "{53E67055-13D2-4467-BB57-79589AFAC2CD}"
EndProject
Project("{FAE04EC0-301F-11D3-BF4B-00C04F79EFBC}") = "SharpGL.SceneGraph", "SharpGL\Core\SharpGL.SceneGraph\SharpGL.SceneGraph.csproj", "{47BCAA39-EDAD-4404-B6BD-4742B0ABB523}"
EndProject
Project("{FAE04EC0-301F-11D3-BF4B-00C04F79EFBC}") = "SharpGL", "SharpGL\Core\SharpGL\SharpGL.csproj", "{5EF45533-E2C7-46F2-B4A3-B8F36CD406E0}"
EndProject
Project("{FAE04EC0-301F-11D3-BF4B-00C04F79EFBC}") = "sod.XInput", "sod.XInput\sod.XInput.csproj", "{EA3013D6-A1FB-4BB8-9A85-EB0D04C3BC65}"
EndProject
Global
	GlobalSection(SolutionConfigurationPlatforms) = preSolution
		Debug|Any CPU = Debug|Any CPU
		Release|Any CPU = Release|Any CPU
	EndGlobalSection
	GlobalSection(ProjectConfigurationPlatforms) = postSolution
		{D78AB9A9-AF6D-4458-856C-B93FB6E2E93E}.Debug|Any CPU.ActiveCfg = Debug|Any CPU
		{D78AB9A9-AF6D-4458-856C-B93FB6E2E93E}.Debug|Any CPU.Build.0 = Debug|Any CPU
		{D78AB9A9-AF6D-4458-856C-B93FB6E2E93E}.Release|Any CPU.ActiveCfg = Release|Any CPU
		{D78AB9A9-AF6D-4458-856C-B93FB6E2E93E}.Release|Any CPU.Build.0 = Release|Any CPU
		{357BC6C9-A514-4857-ACD0-B39919D307F9}.Debug|Any CPU.ActiveCfg = Debug|Any CPU
		{357BC6C9-A514-4857-ACD0-B39919D307F9}.Debug|Any CPU.Build.0 = Debug|Any CPU
		{357BC6C9-A514-4857-ACD0-B39919D307F9}.Release|Any CPU.ActiveCfg = Release|Any CPU
		{357BC6C9-A514-4857-ACD0-B39919D307F9}.Release|Any CPU.Build.0 = Release|Any CPU
		{8B3F69CE-6133-4244-A6FC-26421C3671CA}.Debug|Any CPU.ActiveCfg = Debug|Any CPU
		{8B3F69CE-6133-4244-A6FC-26421C3671CA}.Debug|Any CPU.Build.0 = Debug|Any CPU
		{8B3F69CE-6133-4244-A6FC-26421C3671CA}.Release|Any CPU.ActiveCfg = Release|Any CPU
		{8B3F69CE-6133-4244-A6FC-26421C3671CA}.Release|Any CPU.Build.0 = Release|Any CPU
		{587D723B-36B2-49E2-9018-E3ABD4B8BBA6}.Debug|Any CPU.ActiveCfg = Debug|Any CPU
		{587D723B-36B2-49E2-9018-E3ABD4B8BBA6}.Debug|Any CPU.Build.0 = Debug|Any CPU
		{587D723B-36B2-49E2-9018-E3ABD4B8BBA6}.Release|Any CPU.ActiveCfg = Release|Any CPU
		{587D723B-36B2-49E2-9018-E3ABD4B8BBA6}.Release|Any CPU.Build.0 = Release|Any CPU
		{53E67055-13D2-4467-BB57-79589AFAC2CD}.Debug|Any CPU.ActiveCfg = Debug|Any CPU
		{53E67055-13D2-4467-BB57-79589AFAC2CD}.Debug|Any CPU.Build.0 = Debug|Any CPU
		{53E67055-13D2-4467-BB57-79589AFAC2CD}.Release|Any CPU.ActiveCfg = Release|Any CPU
		{53E67055-13D2-4467-BB57-79589AFAC2CD}.Release|Any CPU.Build.0 = Release|Any CPU
		{47BCAA39-EDAD-4404-B6BD-4742B0ABB523}.Debug|Any CPU.ActiveCfg = Debug|Any CPU
		{47BCAA39-EDAD-4404-B6BD-4742B0ABB523}.Debug|Any CPU.Build.0 = Debug|Any CPU
		{47BCAA39-EDAD-4404-B6BD-4742B0ABB523}.Release|Any CPU.ActiveCfg = Release|Any CPU
		{47BCAA39-EDAD-4404-B6BD-4742B0ABB523}.Release|Any CPU.Build.0 = Release|Any CPU
		{5EF45533-E2C7-46F2-B4A3-B8F36CD406E0}.Debug|Any CPU.ActiveCfg = Debug|Any CPU
		{5EF45533-E2C7-46F2-B4A3-B8F36CD406E0}.Debug|Any CPU.Build.0 = Debug|Any CPU
		{5EF45533-E2C7-46F2-B4A3-B8F36CD406E0}.Release|Any CPU.ActiveCfg = Release|Any CPU
		{5EF45533-E2C7-46F2-B4A3-B8F36CD406E0}.Release|Any CPU.Build.0 = Release|Any CPU
		{EA3013D6-A1FB-4BB8-9A85-EB0D04C3BC65}.Debug|Any CPU.ActiveCfg = Debug|Any CPU
		{EA3013D6-A1FB-4BB8-9A85-EB0D04C3BC65}.Debug|Any CPU.Build.0 = Debug|Any CPU
		{EA3013D6-A1FB-4BB8-9A85-EB0D04C3BC65}.Release|Any CPU.ActiveCfg = Release|Any CPU
		{EA3013D6-A1FB-4BB8-9A85-EB0D04C3BC65}.Release|Any CPU.Build.0 = Release|Any CPU
	EndGlobalSection
	GlobalSection(SolutionProperties) = preSolution
		HideSolutionNode = FALSE
	EndGlobalSection
EndGlobal
